// !$*UTF8*$!
{
	archiveVersion = 1;
	classes = {
	};
	objectVersion = 50;
	objects = {

/* Begin PBXBuildFile section */
		9B665EFB25FC9A65002E4CD2 /* AppDelegate.swift in Sources */ = {isa = PBXBuildFile; fileRef = 9B665EFA25FC9A65002E4CD2 /* AppDelegate.swift */; };
		9B665EFD25FC9A65002E4CD2 /* SceneDelegate.swift in Sources */ = {isa = PBXBuildFile; fileRef = 9B665EFC25FC9A65002E4CD2 /* SceneDelegate.swift */; };
		9B665EFF25FC9A65002E4CD2 /* ViewController.swift in Sources */ = {isa = PBXBuildFile; fileRef = 9B665EFE25FC9A65002E4CD2 /* ViewController.swift */; };
		9B665F0225FC9A65002E4CD2 /* Main.storyboard in Resources */ = {isa = PBXBuildFile; fileRef = 9B665F0025FC9A65002E4CD2 /* Main.storyboard */; };
		9B665F0425FC9A67002E4CD2 /* Assets.xcassets in Resources */ = {isa = PBXBuildFile; fileRef = 9B665F0325FC9A67002E4CD2 /* Assets.xcassets */; };
		9B665F0725FC9A67002E4CD2 /* LaunchScreen.storyboard in Resources */ = {isa = PBXBuildFile; fileRef = 9B665F0525FC9A67002E4CD2 /* LaunchScreen.storyboard */; };
		9B665F2925FC9D67002E4CD2 /* SCDream2.otf in Resources */ = {isa = PBXBuildFile; fileRef = 9B665F1F25FC9D67002E4CD2 /* SCDream2.otf */; };
		9B665F2A25FC9D67002E4CD2 /* SCDream6.otf in Resources */ = {isa = PBXBuildFile; fileRef = 9B665F2025FC9D67002E4CD2 /* SCDream6.otf */; };
		9B665F2B25FC9D67002E4CD2 /* SCDream9.otf in Resources */ = {isa = PBXBuildFile; fileRef = 9B665F2125FC9D67002E4CD2 /* SCDream9.otf */; };
		9B665F2C25FC9D67002E4CD2 /* SCDream1.otf in Resources */ = {isa = PBXBuildFile; fileRef = 9B665F2225FC9D67002E4CD2 /* SCDream1.otf */; };
		9B665F2D25FC9D67002E4CD2 /* 나눔손글씨 딸에게 엄마가.ttf in Resources */ = {isa = PBXBuildFile; fileRef = 9B665F2325FC9D67002E4CD2 /* 나눔손글씨 딸에게 엄마가.ttf */; };
		9B665F2E25FC9D67002E4CD2 /* SCDream3.otf in Resources */ = {isa = PBXBuildFile; fileRef = 9B665F2425FC9D67002E4CD2 /* SCDream3.otf */; };
		9B665F2F25FC9D67002E4CD2 /* SCDream7.otf in Resources */ = {isa = PBXBuildFile; fileRef = 9B665F2525FC9D67002E4CD2 /* SCDream7.otf */; };
		9B665F3025FC9D67002E4CD2 /* SCDream4.otf in Resources */ = {isa = PBXBuildFile; fileRef = 9B665F2625FC9D67002E4CD2 /* SCDream4.otf */; };
		9B665F3125FC9D67002E4CD2 /* SCDream8.otf in Resources */ = {isa = PBXBuildFile; fileRef = 9B665F2725FC9D67002E4CD2 /* SCDream8.otf */; };
		9B665F3225FC9D67002E4CD2 /* SCDream5.otf in Resources */ = {isa = PBXBuildFile; fileRef = 9B665F2825FC9D67002E4CD2 /* SCDream5.otf */; };
		9B9326C325FCA33D005D06E2 /* UIFont+Extension.swift in Sources */ = {isa = PBXBuildFile; fileRef = 9B9326C225FCA33D005D06E2 /* UIFont+Extension.swift */; };
		9B9326C625FCA46A005D06E2 /* UIButton+Extension.swift in Sources */ = {isa = PBXBuildFile; fileRef = 9B9326C525FCA46A005D06E2 /* UIButton+Extension.swift */; };
		9B9326C925FCA4AE005D06E2 /* UIView+Extension.swift in Sources */ = {isa = PBXBuildFile; fileRef = 9B9326C825FCA4AE005D06E2 /* UIView+Extension.swift */; };
		9B9326CD25FCA52E005D06E2 /* UILabel+Extension.swift in Sources */ = {isa = PBXBuildFile; fileRef = 9B9326CC25FCA52E005D06E2 /* UILabel+Extension.swift */; };
/* End PBXBuildFile section */

/* Begin PBXFileReference section */
		9B665EF725FC9A65002E4CD2 /* nalul.app */ = {isa = PBXFileReference; explicitFileType = wrapper.application; includeInIndex = 0; path = nalul.app; sourceTree = BUILT_PRODUCTS_DIR; };
		9B665EFA25FC9A65002E4CD2 /* AppDelegate.swift */ = {isa = PBXFileReference; lastKnownFileType = sourcecode.swift; path = AppDelegate.swift; sourceTree = "<group>"; };
		9B665EFC25FC9A65002E4CD2 /* SceneDelegate.swift */ = {isa = PBXFileReference; lastKnownFileType = sourcecode.swift; path = SceneDelegate.swift; sourceTree = "<group>"; };
		9B665EFE25FC9A65002E4CD2 /* ViewController.swift */ = {isa = PBXFileReference; lastKnownFileType = sourcecode.swift; path = ViewController.swift; sourceTree = "<group>"; };
		9B665F0125FC9A65002E4CD2 /* Base */ = {isa = PBXFileReference; lastKnownFileType = file.storyboard; name = Base; path = Base.lproj/Main.storyboard; sourceTree = "<group>"; };
		9B665F0325FC9A67002E4CD2 /* Assets.xcassets */ = {isa = PBXFileReference; lastKnownFileType = folder.assetcatalog; path = Assets.xcassets; sourceTree = "<group>"; };
		9B665F0625FC9A67002E4CD2 /* Base */ = {isa = PBXFileReference; lastKnownFileType = file.storyboard; name = Base; path = Base.lproj/LaunchScreen.storyboard; sourceTree = "<group>"; };
		9B665F0825FC9A67002E4CD2 /* Info.plist */ = {isa = PBXFileReference; lastKnownFileType = text.plist.xml; path = Info.plist; sourceTree = "<group>"; };
		9B665F1F25FC9D67002E4CD2 /* SCDream2.otf */ = {isa = PBXFileReference; lastKnownFileType = file; path = SCDream2.otf; sourceTree = "<group>"; };
		9B665F2025FC9D67002E4CD2 /* SCDream6.otf */ = {isa = PBXFileReference; lastKnownFileType = file; path = SCDream6.otf; sourceTree = "<group>"; };
		9B665F2125FC9D67002E4CD2 /* SCDream9.otf */ = {isa = PBXFileReference; lastKnownFileType = file; path = SCDream9.otf; sourceTree = "<group>"; };
		9B665F2225FC9D67002E4CD2 /* SCDream1.otf */ = {isa = PBXFileReference; lastKnownFileType = file; path = SCDream1.otf; sourceTree = "<group>"; };
		9B665F2325FC9D67002E4CD2 /* 나눔손글씨 딸에게 엄마가.ttf */ = {isa = PBXFileReference; lastKnownFileType = file; path = "나눔손글씨 딸에게 엄마가.ttf"; sourceTree = "<group>"; };
		9B665F2425FC9D67002E4CD2 /* SCDream3.otf */ = {isa = PBXFileReference; lastKnownFileType = file; path = SCDream3.otf; sourceTree = "<group>"; };
		9B665F2525FC9D67002E4CD2 /* SCDream7.otf */ = {isa = PBXFileReference; lastKnownFileType = file; path = SCDream7.otf; sourceTree = "<group>"; };
		9B665F2625FC9D67002E4CD2 /* SCDream4.otf */ = {isa = PBXFileReference; lastKnownFileType = file; path = SCDream4.otf; sourceTree = "<group>"; };
		9B665F2725FC9D67002E4CD2 /* SCDream8.otf */ = {isa = PBXFileReference; lastKnownFileType = file; path = SCDream8.otf; sourceTree = "<group>"; };
		9B665F2825FC9D67002E4CD2 /* SCDream5.otf */ = {isa = PBXFileReference; lastKnownFileType = file; path = SCDream5.otf; sourceTree = "<group>"; };
		9B9326C225FCA33D005D06E2 /* UIFont+Extension.swift */ = {isa = PBXFileReference; lastKnownFileType = sourcecode.swift; path = "UIFont+Extension.swift"; sourceTree = "<group>"; };
		9B9326C525FCA46A005D06E2 /* UIButton+Extension.swift */ = {isa = PBXFileReference; lastKnownFileType = sourcecode.swift; path = "UIButton+Extension.swift"; sourceTree = "<group>"; };
		9B9326C825FCA4AE005D06E2 /* UIView+Extension.swift */ = {isa = PBXFileReference; lastKnownFileType = sourcecode.swift; path = "UIView+Extension.swift"; sourceTree = "<group>"; };
		9B9326CC25FCA52E005D06E2 /* UILabel+Extension.swift */ = {isa = PBXFileReference; lastKnownFileType = sourcecode.swift; path = "UILabel+Extension.swift"; sourceTree = "<group>"; };
/* End PBXFileReference section */

/* Begin PBXFrameworksBuildPhase section */
		9B665EF425FC9A65002E4CD2 /* Frameworks */ = {
			isa = PBXFrameworksBuildPhase;
			buildActionMask = 2147483647;
			files = (
			);
			runOnlyForDeploymentPostprocessing = 0;
		};
/* End PBXFrameworksBuildPhase section */

/* Begin PBXGroup section */
		9B665EEE25FC9A65002E4CD2 = {
			isa = PBXGroup;
			children = (
				9B665EF925FC9A65002E4CD2 /* nalul */,
				9B665EF825FC9A65002E4CD2 /* Products */,
			);
			sourceTree = "<group>";
		};
		9B665EF825FC9A65002E4CD2 /* Products */ = {
			isa = PBXGroup;
			children = (
				9B665EF725FC9A65002E4CD2 /* nalul.app */,
			);
			name = Products;
			sourceTree = "<group>";
		};
		9B665EF925FC9A65002E4CD2 /* nalul */ = {
			isa = PBXGroup;
			children = (
				9B665F1625FC9A9C002E4CD2 /* Global */,
				9B665F1725FC9AAA002E4CD2 /* Screen */,
				9B665F1825FC9AAE002E4CD2 /* Support */,
				9B665F0325FC9A67002E4CD2 /* Assets.xcassets */,
				9B665F0825FC9A67002E4CD2 /* Info.plist */,
			);
			path = nalul;
			sourceTree = "<group>";
		};
		9B665F1625FC9A9C002E4CD2 /* Global */ = {
			isa = PBXGroup;
			children = (
				9B665F1925FC9AC6002E4CD2 /* Extension */,
				9B665F1B25FC9AD4002E4CD2 /* Service */,
				9B665F1A25FC9ACB002E4CD2 /* Model */,
			);
			path = Global;
			sourceTree = "<group>";
		};
		9B665F1725FC9AAA002E4CD2 /* Screen */ = {
			isa = PBXGroup;
			children = (
			);
			path = Screen;
			sourceTree = "<group>";
		};
		9B665F1825FC9AAE002E4CD2 /* Support */ = {
			isa = PBXGroup;
			children = (
				9B665F1D25FC9AF3002E4CD2 /* Font */,
				9B665F1C25FC9AE6002E4CD2 /* Delegate */,
			);
			path = Support;
			sourceTree = "<group>";
		};
		9B665F1925FC9AC6002E4CD2 /* Extension */ = {
			isa = PBXGroup;
			children = (
				9B9326C225FCA33D005D06E2 /* UIFont+Extension.swift */,
				9B9326C525FCA46A005D06E2 /* UIButton+Extension.swift */,
				9B9326C825FCA4AE005D06E2 /* UIView+Extension.swift */,
				9B9326CC25FCA52E005D06E2 /* UILabel+Extension.swift */,
			);
			path = Extension;
			sourceTree = "<group>";
		};
		9B665F1A25FC9ACB002E4CD2 /* Model */ = {
			isa = PBXGroup;
			children = (
			);
			path = Model;
			sourceTree = "<group>";
		};
		9B665F1B25FC9AD4002E4CD2 /* Service */ = {
			isa = PBXGroup;
			children = (
			);
			path = Service;
			sourceTree = "<group>";
		};
		9B665F1C25FC9AE6002E4CD2 /* Delegate */ = {
			isa = PBXGroup;
			children = (
				9B665EFE25FC9A65002E4CD2 /* ViewController.swift */,
				9B665F0025FC9A65002E4CD2 /* Main.storyboard */,
				9B665EFA25FC9A65002E4CD2 /* AppDelegate.swift */,
				9B665F0525FC9A67002E4CD2 /* LaunchScreen.storyboard */,
				9B665EFC25FC9A65002E4CD2 /* SceneDelegate.swift */,
			);
			path = Delegate;
			sourceTree = "<group>";
		};
		9B665F1D25FC9AF3002E4CD2 /* Font */ = {
			isa = PBXGroup;
			children = (
				9B665F2325FC9D67002E4CD2 /* 나눔손글씨 딸에게 엄마가.ttf */,
				9B665F2225FC9D67002E4CD2 /* SCDream1.otf */,
				9B665F1F25FC9D67002E4CD2 /* SCDream2.otf */,
				9B665F2425FC9D67002E4CD2 /* SCDream3.otf */,
				9B665F2625FC9D67002E4CD2 /* SCDream4.otf */,
				9B665F2825FC9D67002E4CD2 /* SCDream5.otf */,
				9B665F2025FC9D67002E4CD2 /* SCDream6.otf */,
				9B665F2525FC9D67002E4CD2 /* SCDream7.otf */,
				9B665F2725FC9D67002E4CD2 /* SCDream8.otf */,
				9B665F2125FC9D67002E4CD2 /* SCDream9.otf */,
			);
			path = Font;
			sourceTree = "<group>";
		};
/* End PBXGroup section */

/* Begin PBXNativeTarget section */
		9B665EF625FC9A65002E4CD2 /* nalul */ = {
			isa = PBXNativeTarget;
			buildConfigurationList = 9B665F0B25FC9A67002E4CD2 /* Build configuration list for PBXNativeTarget "nalul" */;
			buildPhases = (
				9B665EF325FC9A65002E4CD2 /* Sources */,
				9B665EF425FC9A65002E4CD2 /* Frameworks */,
				9B665EF525FC9A65002E4CD2 /* Resources */,
			);
			buildRules = (
			);
			dependencies = (
			);
			name = nalul;
			productName = nalul;
			productReference = 9B665EF725FC9A65002E4CD2 /* nalul.app */;
			productType = "com.apple.product-type.application";
		};
/* End PBXNativeTarget section */

/* Begin PBXProject section */
		9B665EEF25FC9A65002E4CD2 /* Project object */ = {
			isa = PBXProject;
			attributes = {
				LastSwiftUpdateCheck = 1220;
				LastUpgradeCheck = 1220;
				TargetAttributes = {
					9B665EF625FC9A65002E4CD2 = {
						CreatedOnToolsVersion = 12.2;
					};
				};
			};
			buildConfigurationList = 9B665EF225FC9A65002E4CD2 /* Build configuration list for PBXProject "nalul" */;
			compatibilityVersion = "Xcode 9.3";
			developmentRegion = en;
			hasScannedForEncodings = 0;
			knownRegions = (
				en,
				Base,
			);
			mainGroup = 9B665EEE25FC9A65002E4CD2;
			productRefGroup = 9B665EF825FC9A65002E4CD2 /* Products */;
			projectDirPath = "";
			projectRoot = "";
			targets = (
				9B665EF625FC9A65002E4CD2 /* nalul */,
			);
		};
/* End PBXProject section */

/* Begin PBXResourcesBuildPhase section */
		9B665EF525FC9A65002E4CD2 /* Resources */ = {
			isa = PBXResourcesBuildPhase;
			buildActionMask = 2147483647;
			files = (
				9B665F2A25FC9D67002E4CD2 /* SCDream6.otf in Resources */,
				9B665F2C25FC9D67002E4CD2 /* SCDream1.otf in Resources */,
				9B665F2925FC9D67002E4CD2 /* SCDream2.otf in Resources */,
				9B665F2E25FC9D67002E4CD2 /* SCDream3.otf in Resources */,
				9B665F0725FC9A67002E4CD2 /* LaunchScreen.storyboard in Resources */,
				9B665F2F25FC9D67002E4CD2 /* SCDream7.otf in Resources */,
				9B665F3225FC9D67002E4CD2 /* SCDream5.otf in Resources */,
				9B665F3125FC9D67002E4CD2 /* SCDream8.otf in Resources */,
				9B665F2B25FC9D67002E4CD2 /* SCDream9.otf in Resources */,
				9B665F2D25FC9D67002E4CD2 /* 나눔손글씨 딸에게 엄마가.ttf in Resources */,
				9B665F0425FC9A67002E4CD2 /* Assets.xcassets in Resources */,
				9B665F3025FC9D67002E4CD2 /* SCDream4.otf in Resources */,
				9B665F0225FC9A65002E4CD2 /* Main.storyboard in Resources */,
			);
			runOnlyForDeploymentPostprocessing = 0;
		};
/* End PBXResourcesBuildPhase section */

/* Begin PBXSourcesBuildPhase section */
		9B665EF325FC9A65002E4CD2 /* Sources */ = {
			isa = PBXSourcesBuildPhase;
			buildActionMask = 2147483647;
			files = (
				9B9326C925FCA4AE005D06E2 /* UIView+Extension.swift in Sources */,
				9B665EFF25FC9A65002E4CD2 /* ViewController.swift in Sources */,
				9B665EFB25FC9A65002E4CD2 /* AppDelegate.swift in Sources */,
				9B9326CD25FCA52E005D06E2 /* UILabel+Extension.swift in Sources */,
				9B9326C325FCA33D005D06E2 /* UIFont+Extension.swift in Sources */,
				9B9326C625FCA46A005D06E2 /* UIButton+Extension.swift in Sources */,
				9B665EFD25FC9A65002E4CD2 /* SceneDelegate.swift in Sources */,
			);
			runOnlyForDeploymentPostprocessing = 0;
		};
/* End PBXSourcesBuildPhase section */

/* Begin PBXVariantGroup section */
		9B665F0025FC9A65002E4CD2 /* Main.storyboard */ = {
			isa = PBXVariantGroup;
			children = (
				9B665F0125FC9A65002E4CD2 /* Base */,
			);
			name = Main.storyboard;
			sourceTree = "<group>";
		};
		9B665F0525FC9A67002E4CD2 /* LaunchScreen.storyboard */ = {
			isa = PBXVariantGroup;
			children = (
				9B665F0625FC9A67002E4CD2 /* Base */,
			);
			name = LaunchScreen.storyboard;
			sourceTree = "<group>";
		};
/* End PBXVariantGroup section */

/* Begin XCBuildConfiguration section */
		9B665F0925FC9A67002E4CD2 /* Debug */ = {
			isa = XCBuildConfiguration;
			buildSettings = {
				ALWAYS_SEARCH_USER_PATHS = NO;
				CLANG_ANALYZER_NONNULL = YES;
				CLANG_ANALYZER_NUMBER_OBJECT_CONVERSION = YES_AGGRESSIVE;
				CLANG_CXX_LANGUAGE_STANDARD = "gnu++14";
				CLANG_CXX_LIBRARY = "libc++";
				CLANG_ENABLE_MODULES = YES;
				CLANG_ENABLE_OBJC_ARC = YES;
				CLANG_ENABLE_OBJC_WEAK = YES;
				CLANG_WARN_BLOCK_CAPTURE_AUTORELEASING = YES;
				CLANG_WARN_BOOL_CONVERSION = YES;
				CLANG_WARN_COMMA = YES;
				CLANG_WARN_CONSTANT_CONVERSION = YES;
				CLANG_WARN_DEPRECATED_OBJC_IMPLEMENTATIONS = YES;
				CLANG_WARN_DIRECT_OBJC_ISA_USAGE = YES_ERROR;
				CLANG_WARN_DOCUMENTATION_COMMENTS = YES;
				CLANG_WARN_EMPTY_BODY = YES;
				CLANG_WARN_ENUM_CONVERSION = YES;
				CLANG_WARN_INFINITE_RECURSION = YES;
				CLANG_WARN_INT_CONVERSION = YES;
				CLANG_WARN_NON_LITERAL_NULL_CONVERSION = YES;
				CLANG_WARN_OBJC_IMPLICIT_RETAIN_SELF = YES;
				CLANG_WARN_OBJC_LITERAL_CONVERSION = YES;
				CLANG_WARN_OBJC_ROOT_CLASS = YES_ERROR;
				CLANG_WARN_QUOTED_INCLUDE_IN_FRAMEWORK_HEADER = YES;
				CLANG_WARN_RANGE_LOOP_ANALYSIS = YES;
				CLANG_WARN_STRICT_PROTOTYPES = YES;
				CLANG_WARN_SUSPICIOUS_MOVE = YES;
				CLANG_WARN_UNGUARDED_AVAILABILITY = YES_AGGRESSIVE;
				CLANG_WARN_UNREACHABLE_CODE = YES;
				CLANG_WARN__DUPLICATE_METHOD_MATCH = YES;
				COPY_PHASE_STRIP = NO;
				DEBUG_INFORMATION_FORMAT = dwarf;
				ENABLE_STRICT_OBJC_MSGSEND = YES;
				ENABLE_TESTABILITY = YES;
				GCC_C_LANGUAGE_STANDARD = gnu11;
				GCC_DYNAMIC_NO_PIC = NO;
				GCC_NO_COMMON_BLOCKS = YES;
				GCC_OPTIMIZATION_LEVEL = 0;
				GCC_PREPROCESSOR_DEFINITIONS = (
					"DEBUG=1",
					"$(inherited)",
				);
				GCC_WARN_64_TO_32_BIT_CONVERSION = YES;
				GCC_WARN_ABOUT_RETURN_TYPE = YES_ERROR;
				GCC_WARN_UNDECLARED_SELECTOR = YES;
				GCC_WARN_UNINITIALIZED_AUTOS = YES_AGGRESSIVE;
				GCC_WARN_UNUSED_FUNCTION = YES;
				GCC_WARN_UNUSED_VARIABLE = YES;
				IPHONEOS_DEPLOYMENT_TARGET = 13.0;
				MTL_ENABLE_DEBUG_INFO = INCLUDE_SOURCE;
				MTL_FAST_MATH = YES;
				ONLY_ACTIVE_ARCH = YES;
				SDKROOT = iphoneos;
				SWIFT_ACTIVE_COMPILATION_CONDITIONS = DEBUG;
				SWIFT_OPTIMIZATION_LEVEL = "-Onone";
			};
			name = Debug;
		};
		9B665F0A25FC9A67002E4CD2 /* Release */ = {
			isa = XCBuildConfiguration;
			buildSettings = {
				ALWAYS_SEARCH_USER_PATHS = NO;
				CLANG_ANALYZER_NONNULL = YES;
				CLANG_ANALYZER_NUMBER_OBJECT_CONVERSION = YES_AGGRESSIVE;
				CLANG_CXX_LANGUAGE_STANDARD = "gnu++14";
				CLANG_CXX_LIBRARY = "libc++";
				CLANG_ENABLE_MODULES = YES;
				CLANG_ENABLE_OBJC_ARC = YES;
				CLANG_ENABLE_OBJC_WEAK = YES;
				CLANG_WARN_BLOCK_CAPTURE_AUTORELEASING = YES;
				CLANG_WARN_BOOL_CONVERSION = YES;
				CLANG_WARN_COMMA = YES;
				CLANG_WARN_CONSTANT_CONVERSION = YES;
				CLANG_WARN_DEPRECATED_OBJC_IMPLEMENTATIONS = YES;
				CLANG_WARN_DIRECT_OBJC_ISA_USAGE = YES_ERROR;
				CLANG_WARN_DOCUMENTATION_COMMENTS = YES;
				CLANG_WARN_EMPTY_BODY = YES;
				CLANG_WARN_ENUM_CONVERSION = YES;
				CLANG_WARN_INFINITE_RECURSION = YES;
				CLANG_WARN_INT_CONVERSION = YES;
				CLANG_WARN_NON_LITERAL_NULL_CONVERSION = YES;
				CLANG_WARN_OBJC_IMPLICIT_RETAIN_SELF = YES;
				CLANG_WARN_OBJC_LITERAL_CONVERSION = YES;
				CLANG_WARN_OBJC_ROOT_CLASS = YES_ERROR;
				CLANG_WARN_QUOTED_INCLUDE_IN_FRAMEWORK_HEADER = YES;
				CLANG_WARN_RANGE_LOOP_ANALYSIS = YES;
				CLANG_WARN_STRICT_PROTOTYPES = YES;
				CLANG_WARN_SUSPICIOUS_MOVE = YES;
				CLANG_WARN_UNGUARDED_AVAILABILITY = YES_AGGRESSIVE;
				CLANG_WARN_UNREACHABLE_CODE = YES;
				CLANG_WARN__DUPLICATE_METHOD_MATCH = YES;
				COPY_PHASE_STRIP = NO;
				DEBUG_INFORMATION_FORMAT = "dwarf-with-dsym";
				ENABLE_NS_ASSERTIONS = NO;
				ENABLE_STRICT_OBJC_MSGSEND = YES;
				GCC_C_LANGUAGE_STANDARD = gnu11;
				GCC_NO_COMMON_BLOCKS = YES;
				GCC_WARN_64_TO_32_BIT_CONVERSION = YES;
				GCC_WARN_ABOUT_RETURN_TYPE = YES_ERROR;
				GCC_WARN_UNDECLARED_SELECTOR = YES;
				GCC_WARN_UNINITIALIZED_AUTOS = YES_AGGRESSIVE;
				GCC_WARN_UNUSED_FUNCTION = YES;
				GCC_WARN_UNUSED_VARIABLE = YES;
				IPHONEOS_DEPLOYMENT_TARGET = 13.0;
				MTL_ENABLE_DEBUG_INFO = NO;
				MTL_FAST_MATH = YES;
				SDKROOT = iphoneos;
				SWIFT_COMPILATION_MODE = wholemodule;
				SWIFT_OPTIMIZATION_LEVEL = "-O";
				VALIDATE_PRODUCT = YES;
			};
			name = Release;
		};
		9B665F0C25FC9A67002E4CD2 /* Debug */ = {
			isa = XCBuildConfiguration;
			buildSettings = {
				ASSETCATALOG_COMPILER_APPICON_NAME = AppIcon;
				ASSETCATALOG_COMPILER_GLOBAL_ACCENT_COLOR_NAME = AccentColor;
				CODE_SIGN_STYLE = Automatic;
				DEVELOPMENT_TEAM = DUQE66MABG;
				INFOPLIST_FILE = nalul/Info.plist;
				IPHONEOS_DEPLOYMENT_TARGET = 13.0;
				LD_RUNPATH_SEARCH_PATHS = (
					"$(inherited)",
					"@executable_path/Frameworks",
				);
				PRODUCT_BUNDLE_IDENTIFIER = soptkathon.release.nalul;
				PRODUCT_NAME = "$(TARGET_NAME)";
				SWIFT_VERSION = 5.0;
				TARGETED_DEVICE_FAMILY = "1,2";
			};
			name = Debug;
		};
		9B665F0D25FC9A67002E4CD2 /* Release */ = {
			isa = XCBuildConfiguration;
			buildSettings = {
				ASSETCATALOG_COMPILER_APPICON_NAME = AppIcon;
				ASSETCATALOG_COMPILER_GLOBAL_ACCENT_COLOR_NAME = AccentColor;
				CODE_SIGN_STYLE = Automatic;
				DEVELOPMENT_TEAM = DUQE66MABG;
				INFOPLIST_FILE = nalul/Info.plist;
				IPHONEOS_DEPLOYMENT_TARGET = 13.0;
				LD_RUNPATH_SEARCH_PATHS = (
					"$(inherited)",
					"@executable_path/Frameworks",
				);
				PRODUCT_BUNDLE_IDENTIFIER = soptkathon.release.nalul;
				PRODUCT_NAME = "$(TARGET_NAME)";
				SWIFT_VERSION = 5.0;
				TARGETED_DEVICE_FAMILY = "1,2";
			};
			name = Release;
		};
/* End XCBuildConfiguration section */

/* Begin XCConfigurationList section */
		9B665EF225FC9A65002E4CD2 /* Build configuration list for PBXProject "nalul" */ = {
			isa = XCConfigurationList;
			buildConfigurations = (
				9B665F0925FC9A67002E4CD2 /* Debug */,
				9B665F0A25FC9A67002E4CD2 /* Release */,
			);
			defaultConfigurationIsVisible = 0;
			defaultConfigurationName = Release;
		};
		9B665F0B25FC9A67002E4CD2 /* Build configuration list for PBXNativeTarget "nalul" */ = {
			isa = XCConfigurationList;
			buildConfigurations = (
				9B665F0C25FC9A67002E4CD2 /* Debug */,
				9B665F0D25FC9A67002E4CD2 /* Release */,
			);
			defaultConfigurationIsVisible = 0;
			defaultConfigurationName = Release;
		};
/* End XCConfigurationList section */
	};
	rootObject = 9B665EEF25FC9A65002E4CD2 /* Project object */;
}
