// !$*UTF8*$!
{
	archiveVersion = 1;
	classes = {
	};
	objectVersion = 51;
	objects = {

/* Begin PBXBuildFile section */
		0A0BA8C0C4EC07E4DBB9CB0F /* Pods_nalul.framework in Frameworks */ = {isa = PBXBuildFile; fileRef = 8B2140F1D8F529B93D3848B5 /* Pods_nalul.framework */; };
		9B071B54260C8F6100CCECF4 /* MainAlbumCell.swift in Sources */ = {isa = PBXBuildFile; fileRef = 9B071B53260C8F6100CCECF4 /* MainAlbumCell.swift */; };
		9B071B58260C941000CCECF4 /* UIScreen+Extension.swift in Sources */ = {isa = PBXBuildFile; fileRef = 9B071B57260C941000CCECF4 /* UIScreen+Extension.swift */; };
		9B23A23D2616F5C0002BF809 /* PhotoInsertVC.swift in Sources */ = {isa = PBXBuildFile; fileRef = 9B23A23C2616F5C0002BF809 /* PhotoInsertVC.swift */; };
		9B41C0E0260252B600791CE2 /* Setting.storyboard in Resources */ = {isa = PBXBuildFile; fileRef = 9B41C0DF260252B600791CE2 /* Setting.storyboard */; };
		9B41C0E3260252C600791CE2 /* SettingListVC.swift in Sources */ = {isa = PBXBuildFile; fileRef = 9B41C0E2260252C600791CE2 /* SettingListVC.swift */; };
		9B665EFB25FC9A65002E4CD2 /* AppDelegate.swift in Sources */ = {isa = PBXBuildFile; fileRef = 9B665EFA25FC9A65002E4CD2 /* AppDelegate.swift */; };
		9B665EFF25FC9A65002E4CD2 /* ViewController.swift in Sources */ = {isa = PBXBuildFile; fileRef = 9B665EFE25FC9A65002E4CD2 /* ViewController.swift */; };
		9B665F0225FC9A65002E4CD2 /* Main.storyboard in Resources */ = {isa = PBXBuildFile; fileRef = 9B665F0025FC9A65002E4CD2 /* Main.storyboard */; };
		9B665F0425FC9A67002E4CD2 /* Assets.xcassets in Resources */ = {isa = PBXBuildFile; fileRef = 9B665F0325FC9A67002E4CD2 /* Assets.xcassets */; };
		9B665F0725FC9A67002E4CD2 /* LaunchScreen.storyboard in Resources */ = {isa = PBXBuildFile; fileRef = 9B665F0525FC9A67002E4CD2 /* LaunchScreen.storyboard */; };
		9B665F2925FC9D67002E4CD2 /* SCDream2.otf in Resources */ = {isa = PBXBuildFile; fileRef = 9B665F1F25FC9D67002E4CD2 /* SCDream2.otf */; };
		9B665F2A25FC9D67002E4CD2 /* SCDream6.otf in Resources */ = {isa = PBXBuildFile; fileRef = 9B665F2025FC9D67002E4CD2 /* SCDream6.otf */; };
		9B665F2B25FC9D67002E4CD2 /* SCDream9.otf in Resources */ = {isa = PBXBuildFile; fileRef = 9B665F2125FC9D67002E4CD2 /* SCDream9.otf */; };
		9B665F2C25FC9D67002E4CD2 /* SCDream1.otf in Resources */ = {isa = PBXBuildFile; fileRef = 9B665F2225FC9D67002E4CD2 /* SCDream1.otf */; };
		9B665F2D25FC9D67002E4CD2 /* 나눔손글씨 딸에게 엄마가.ttf in Resources */ = {isa = PBXBuildFile; fileRef = 9B665F2325FC9D67002E4CD2 /* 나눔손글씨 딸에게 엄마가.ttf */; };
		9B665F2E25FC9D67002E4CD2 /* SCDream3.otf in Resources */ = {isa = PBXBuildFile; fileRef = 9B665F2425FC9D67002E4CD2 /* SCDream3.otf */; };
		9B665F2F25FC9D67002E4CD2 /* SCDream7.otf in Resources */ = {isa = PBXBuildFile; fileRef = 9B665F2525FC9D67002E4CD2 /* SCDream7.otf */; };
		9B665F3025FC9D67002E4CD2 /* SCDream4.otf in Resources */ = {isa = PBXBuildFile; fileRef = 9B665F2625FC9D67002E4CD2 /* SCDream4.otf */; };
		9B665F3125FC9D67002E4CD2 /* SCDream8.otf in Resources */ = {isa = PBXBuildFile; fileRef = 9B665F2725FC9D67002E4CD2 /* SCDream8.otf */; };
		9B665F3225FC9D67002E4CD2 /* SCDream5.otf in Resources */ = {isa = PBXBuildFile; fileRef = 9B665F2825FC9D67002E4CD2 /* SCDream5.otf */; };
		9B7228BB26247A0900EC2796 /* MainNavigationVC.swift in Sources */ = {isa = PBXBuildFile; fileRef = 9B7228BA26247A0900EC2796 /* MainNavigationVC.swift */; };
		9B7228C1262598D800EC2796 /* TeamNarulVC.swift in Sources */ = {isa = PBXBuildFile; fileRef = 9B7228C0262598D800EC2796 /* TeamNarulVC.swift */; };
		9B7228C42625F02E00EC2796 /* TeamNarulCell.swift in Sources */ = {isa = PBXBuildFile; fileRef = 9B7228C32625F02E00EC2796 /* TeamNarulCell.swift */; };
		9B7228D02626D15D00EC2796 /* NetworkResult.swift in Sources */ = {isa = PBXBuildFile; fileRef = 9B7228CF2626D15D00EC2796 /* NetworkResult.swift */; };
		9B7228D32626D17700EC2796 /* APIService.swift in Sources */ = {isa = PBXBuildFile; fileRef = 9B7228D22626D17700EC2796 /* APIService.swift */; };
		9B7228D62626D1A600EC2796 /* APITarget.swift in Sources */ = {isa = PBXBuildFile; fileRef = 9B7228D52626D1A600EC2796 /* APITarget.swift */; };
		9B7228D92626DAE500EC2796 /* GenericResponse.swift in Sources */ = {isa = PBXBuildFile; fileRef = 9B7228D82626DAE500EC2796 /* GenericResponse.swift */; };
		9B7228DC2626DB0700EC2796 /* SimpleData.swift in Sources */ = {isa = PBXBuildFile; fileRef = 9B7228DB2626DB0700EC2796 /* SimpleData.swift */; };
		9B7228E52628139900EC2796 /* Splash.storyboard in Resources */ = {isa = PBXBuildFile; fileRef = 9B7228E42628139900EC2796 /* Splash.storyboard */; };
		9B7228E8262813AA00EC2796 /* SplashVC.swift in Sources */ = {isa = PBXBuildFile; fileRef = 9B7228E7262813AA00EC2796 /* SplashVC.swift */; };
		9B7228EB2628141700EC2796 /* LoginData.swift in Sources */ = {isa = PBXBuildFile; fileRef = 9B7228EA2628141700EC2796 /* LoginData.swift */; };
		9B7228F426282CBD00EC2796 /* QuestionData.swift in Sources */ = {isa = PBXBuildFile; fileRef = 9B7228F326282CBD00EC2796 /* QuestionData.swift */; };
		9B7228F8262B446400EC2796 /* FeedData.swift in Sources */ = {isa = PBXBuildFile; fileRef = 9B7228F7262B446400EC2796 /* FeedData.swift */; };
		9B7228FB262B474100EC2796 /* UIImageView+Extension.swift in Sources */ = {isa = PBXBuildFile; fileRef = 9B7228FA262B474100EC2796 /* UIImageView+Extension.swift */; };
		9B7E3A06260F36A80086535C /* PopUp.storyboard in Resources */ = {isa = PBXBuildFile; fileRef = 9B7E3A05260F36A80086535C /* PopUp.storyboard */; };
		9B7E3A0A260F36B50086535C /* PopUpVC.swift in Sources */ = {isa = PBXBuildFile; fileRef = 9B7E3A09260F36B40086535C /* PopUpVC.swift */; };
		9B8AD92C260B45650082D9D3 /* MainVC.swift in Sources */ = {isa = PBXBuildFile; fileRef = 9B8AD92B260B45650082D9D3 /* MainVC.swift */; };
		9B9326C325FCA33D005D06E2 /* UIFont+Extension.swift in Sources */ = {isa = PBXBuildFile; fileRef = 9B9326C225FCA33D005D06E2 /* UIFont+Extension.swift */; };
		9B9326C625FCA46A005D06E2 /* UIButton+Extension.swift in Sources */ = {isa = PBXBuildFile; fileRef = 9B9326C525FCA46A005D06E2 /* UIButton+Extension.swift */; };
		9B9326C925FCA4AE005D06E2 /* UIView+Extension.swift in Sources */ = {isa = PBXBuildFile; fileRef = 9B9326C825FCA4AE005D06E2 /* UIView+Extension.swift */; };
		9B9326CD25FCA52E005D06E2 /* UILabel+Extension.swift in Sources */ = {isa = PBXBuildFile; fileRef = 9B9326CC25FCA52E005D06E2 /* UILabel+Extension.swift */; };
		9B9326D125FCA5D8005D06E2 /* ImageFileManager.swift in Sources */ = {isa = PBXBuildFile; fileRef = 9B9326D025FCA5D8005D06E2 /* ImageFileManager.swift */; };
		9B9326D925FCBF3A005D06E2 /* MainStartVC.swift in Sources */ = {isa = PBXBuildFile; fileRef = 9B9326D825FCBF3A005D06E2 /* MainStartVC.swift */; };
		9B9433F12601E12C005D987A /* Gallery.storyboard in Resources */ = {isa = PBXBuildFile; fileRef = 9B9433F02601E12C005D987A /* Gallery.storyboard */; };
		9B9433F52601E148005D987A /* GalleryListVC.swift in Sources */ = {isa = PBXBuildFile; fileRef = 9B9433F42601E148005D987A /* GalleryListVC.swift */; };
		9B9433FC2601EE49005D987A /* GalleryListCell.swift in Sources */ = {isa = PBXBuildFile; fileRef = 9B9433FB2601EE49005D987A /* GalleryListCell.swift */; };
		9B9434042601FDBD005D987A /* UIColor+Extension.swift in Sources */ = {isa = PBXBuildFile; fileRef = 9B9434032601FDBD005D987A /* UIColor+Extension.swift */; };
		9B9AA19A2603327B00B03862 /* GalleryDetailVC.swift in Sources */ = {isa = PBXBuildFile; fileRef = 9B9AA1992603327B00B03862 /* GalleryDetailVC.swift */; };
		9B9AA19E2603427F00B03862 /* UITextView+Extension.swift in Sources */ = {isa = PBXBuildFile; fileRef = 9B9AA19D2603427F00B03862 /* UITextView+Extension.swift */; };
		9BCABC4C26031DA0002B4D29 /* MainStartBlockCell.swift in Sources */ = {isa = PBXBuildFile; fileRef = 9BCABC4B26031DA0002B4D29 /* MainStartBlockCell.swift */; };
		9BD010F3261F606100A30F7C /* UIDate+Extension.swift in Sources */ = {isa = PBXBuildFile; fileRef = 9BD010F2261F606100A30F7C /* UIDate+Extension.swift */; };
		9BD010FC26203ACA00A30F7C /* SettingCell.swift in Sources */ = {isa = PBXBuildFile; fileRef = 9BD010FB26203ACA00A30F7C /* SettingCell.swift */; };
		9BD01104262046F800A30F7C /* Onboarding.storyboard in Resources */ = {isa = PBXBuildFile; fileRef = 9BD01103262046F800A30F7C /* Onboarding.storyboard */; };
		9BD011072620485900A30F7C /* OnboardingPageController.swift in Sources */ = {isa = PBXBuildFile; fileRef = 9BD011062620485900A30F7C /* OnboardingPageController.swift */; };
		9BD0110A2620494800A30F7C /* LogoOnboardingVC.swift in Sources */ = {isa = PBXBuildFile; fileRef = 9BD011092620494800A30F7C /* LogoOnboardingVC.swift */; };
		9BD0110D26204EBF00A30F7C /* ExplainOnboardingVC.swift in Sources */ = {isa = PBXBuildFile; fileRef = 9BD0110C26204EBF00A30F7C /* ExplainOnboardingVC.swift */; };
		9BD01110262050F700A30F7C /* OnboardingGalleryCell.swift in Sources */ = {isa = PBXBuildFile; fileRef = 9BD0110F262050F700A30F7C /* OnboardingGalleryCell.swift */; };
		9BD01115262054F400A30F7C /* BackgroundSettingVC.swift in Sources */ = {isa = PBXBuildFile; fileRef = 9BD01114262054F400A30F7C /* BackgroundSettingVC.swift */; };
		9BD01119262061D900A30F7C /* BackgroundConfirmVC.swift in Sources */ = {isa = PBXBuildFile; fileRef = 9BD01118262061D900A30F7C /* BackgroundConfirmVC.swift */; };
		9BD0111F262185B400A30F7C /* UIImage+Extension.swift in Sources */ = {isa = PBXBuildFile; fileRef = 9BD0111E262185B400A30F7C /* UIImage+Extension.swift */; };
/* End PBXBuildFile section */

/* Begin PBXFileReference section */
		7FD8A15DB43AF13923ECE465 /* Pods-nalul.release.xcconfig */ = {isa = PBXFileReference; includeInIndex = 1; lastKnownFileType = text.xcconfig; name = "Pods-nalul.release.xcconfig"; path = "Target Support Files/Pods-nalul/Pods-nalul.release.xcconfig"; sourceTree = "<group>"; };
		8B2140F1D8F529B93D3848B5 /* Pods_nalul.framework */ = {isa = PBXFileReference; explicitFileType = wrapper.framework; includeInIndex = 0; path = Pods_nalul.framework; sourceTree = BUILT_PRODUCTS_DIR; };
		996F8EE450F200E3197EECA5 /* Pods-nalul.debug.xcconfig */ = {isa = PBXFileReference; includeInIndex = 1; lastKnownFileType = text.xcconfig; name = "Pods-nalul.debug.xcconfig"; path = "Target Support Files/Pods-nalul/Pods-nalul.debug.xcconfig"; sourceTree = "<group>"; };
		9B071B53260C8F6100CCECF4 /* MainAlbumCell.swift */ = {isa = PBXFileReference; lastKnownFileType = sourcecode.swift; path = MainAlbumCell.swift; sourceTree = "<group>"; };
		9B071B57260C941000CCECF4 /* UIScreen+Extension.swift */ = {isa = PBXFileReference; lastKnownFileType = sourcecode.swift; path = "UIScreen+Extension.swift"; sourceTree = "<group>"; };
		9B23A23C2616F5C0002BF809 /* PhotoInsertVC.swift */ = {isa = PBXFileReference; lastKnownFileType = sourcecode.swift; path = PhotoInsertVC.swift; sourceTree = "<group>"; };
		9B41C0DF260252B600791CE2 /* Setting.storyboard */ = {isa = PBXFileReference; lastKnownFileType = file.storyboard; name = Setting.storyboard; path = nalul/Screen/Setting/Storyboard/Setting.storyboard; sourceTree = SOURCE_ROOT; };
		9B41C0E2260252C600791CE2 /* SettingListVC.swift */ = {isa = PBXFileReference; lastKnownFileType = sourcecode.swift; name = SettingListVC.swift; path = nalul/Screen/Setting/ViewController/SettingListVC.swift; sourceTree = SOURCE_ROOT; };
		9B665EF725FC9A65002E4CD2 /* nalul.app */ = {isa = PBXFileReference; explicitFileType = wrapper.application; includeInIndex = 0; path = nalul.app; sourceTree = BUILT_PRODUCTS_DIR; };
		9B665EFA25FC9A65002E4CD2 /* AppDelegate.swift */ = {isa = PBXFileReference; lastKnownFileType = sourcecode.swift; path = AppDelegate.swift; sourceTree = "<group>"; };
		9B665EFE25FC9A65002E4CD2 /* ViewController.swift */ = {isa = PBXFileReference; lastKnownFileType = sourcecode.swift; path = ViewController.swift; sourceTree = "<group>"; };
		9B665F0125FC9A65002E4CD2 /* Base */ = {isa = PBXFileReference; lastKnownFileType = file.storyboard; name = Base; path = Base.lproj/Main.storyboard; sourceTree = "<group>"; };
		9B665F0325FC9A67002E4CD2 /* Assets.xcassets */ = {isa = PBXFileReference; lastKnownFileType = folder.assetcatalog; path = Assets.xcassets; sourceTree = "<group>"; };
		9B665F0625FC9A67002E4CD2 /* Base */ = {isa = PBXFileReference; lastKnownFileType = file.storyboard; name = Base; path = Base.lproj/LaunchScreen.storyboard; sourceTree = "<group>"; };
		9B665F0825FC9A67002E4CD2 /* Info.plist */ = {isa = PBXFileReference; lastKnownFileType = text.plist.xml; path = Info.plist; sourceTree = "<group>"; };
		9B665F1F25FC9D67002E4CD2 /* SCDream2.otf */ = {isa = PBXFileReference; lastKnownFileType = file; path = SCDream2.otf; sourceTree = "<group>"; };
		9B665F2025FC9D67002E4CD2 /* SCDream6.otf */ = {isa = PBXFileReference; lastKnownFileType = file; path = SCDream6.otf; sourceTree = "<group>"; };
		9B665F2125FC9D67002E4CD2 /* SCDream9.otf */ = {isa = PBXFileReference; lastKnownFileType = file; path = SCDream9.otf; sourceTree = "<group>"; };
		9B665F2225FC9D67002E4CD2 /* SCDream1.otf */ = {isa = PBXFileReference; lastKnownFileType = file; path = SCDream1.otf; sourceTree = "<group>"; };
		9B665F2325FC9D67002E4CD2 /* 나눔손글씨 딸에게 엄마가.ttf */ = {isa = PBXFileReference; lastKnownFileType = file; path = "나눔손글씨 딸에게 엄마가.ttf"; sourceTree = "<group>"; };
		9B665F2425FC9D67002E4CD2 /* SCDream3.otf */ = {isa = PBXFileReference; lastKnownFileType = file; path = SCDream3.otf; sourceTree = "<group>"; };
		9B665F2525FC9D67002E4CD2 /* SCDream7.otf */ = {isa = PBXFileReference; lastKnownFileType = file; path = SCDream7.otf; sourceTree = "<group>"; };
		9B665F2625FC9D67002E4CD2 /* SCDream4.otf */ = {isa = PBXFileReference; lastKnownFileType = file; path = SCDream4.otf; sourceTree = "<group>"; };
		9B665F2725FC9D67002E4CD2 /* SCDream8.otf */ = {isa = PBXFileReference; lastKnownFileType = file; path = SCDream8.otf; sourceTree = "<group>"; };
		9B665F2825FC9D67002E4CD2 /* SCDream5.otf */ = {isa = PBXFileReference; lastKnownFileType = file; path = SCDream5.otf; sourceTree = "<group>"; };
		9B7228BA26247A0900EC2796 /* MainNavigationVC.swift */ = {isa = PBXFileReference; lastKnownFileType = sourcecode.swift; path = MainNavigationVC.swift; sourceTree = "<group>"; };
		9B7228C0262598D800EC2796 /* TeamNarulVC.swift */ = {isa = PBXFileReference; lastKnownFileType = sourcecode.swift; name = TeamNarulVC.swift; path = nalul/Screen/Setting/ViewController/TeamNarulVC.swift; sourceTree = SOURCE_ROOT; };
		9B7228C32625F02E00EC2796 /* TeamNarulCell.swift */ = {isa = PBXFileReference; lastKnownFileType = sourcecode.swift; path = TeamNarulCell.swift; sourceTree = "<group>"; };
		9B7228CF2626D15D00EC2796 /* NetworkResult.swift */ = {isa = PBXFileReference; lastKnownFileType = sourcecode.swift; path = NetworkResult.swift; sourceTree = "<group>"; };
		9B7228D22626D17700EC2796 /* APIService.swift */ = {isa = PBXFileReference; lastKnownFileType = sourcecode.swift; path = APIService.swift; sourceTree = "<group>"; };
		9B7228D52626D1A600EC2796 /* APITarget.swift */ = {isa = PBXFileReference; lastKnownFileType = sourcecode.swift; path = APITarget.swift; sourceTree = "<group>"; };
		9B7228D82626DAE500EC2796 /* GenericResponse.swift */ = {isa = PBXFileReference; lastKnownFileType = sourcecode.swift; path = GenericResponse.swift; sourceTree = "<group>"; };
		9B7228DB2626DB0700EC2796 /* SimpleData.swift */ = {isa = PBXFileReference; lastKnownFileType = sourcecode.swift; path = SimpleData.swift; sourceTree = "<group>"; };
		9B7228E42628139900EC2796 /* Splash.storyboard */ = {isa = PBXFileReference; lastKnownFileType = file.storyboard; path = Splash.storyboard; sourceTree = "<group>"; };
		9B7228E7262813AA00EC2796 /* SplashVC.swift */ = {isa = PBXFileReference; lastKnownFileType = sourcecode.swift; path = SplashVC.swift; sourceTree = "<group>"; };
		9B7228EA2628141700EC2796 /* LoginData.swift */ = {isa = PBXFileReference; lastKnownFileType = sourcecode.swift; path = LoginData.swift; sourceTree = "<group>"; };
		9B7228F326282CBD00EC2796 /* QuestionData.swift */ = {isa = PBXFileReference; lastKnownFileType = sourcecode.swift; path = QuestionData.swift; sourceTree = "<group>"; };
		9B7228F7262B446400EC2796 /* FeedData.swift */ = {isa = PBXFileReference; lastKnownFileType = sourcecode.swift; path = FeedData.swift; sourceTree = "<group>"; };
		9B7228FA262B474100EC2796 /* UIImageView+Extension.swift */ = {isa = PBXFileReference; lastKnownFileType = sourcecode.swift; path = "UIImageView+Extension.swift"; sourceTree = "<group>"; };
		9B7E3A05260F36A80086535C /* PopUp.storyboard */ = {isa = PBXFileReference; lastKnownFileType = file.storyboard; path = PopUp.storyboard; sourceTree = "<group>"; };
		9B7E3A09260F36B40086535C /* PopUpVC.swift */ = {isa = PBXFileReference; lastKnownFileType = sourcecode.swift; path = PopUpVC.swift; sourceTree = "<group>"; };
		9B8AD92B260B45650082D9D3 /* MainVC.swift */ = {isa = PBXFileReference; lastKnownFileType = sourcecode.swift; path = MainVC.swift; sourceTree = "<group>"; };
		9B9326C225FCA33D005D06E2 /* UIFont+Extension.swift */ = {isa = PBXFileReference; lastKnownFileType = sourcecode.swift; path = "UIFont+Extension.swift"; sourceTree = "<group>"; };
		9B9326C525FCA46A005D06E2 /* UIButton+Extension.swift */ = {isa = PBXFileReference; lastKnownFileType = sourcecode.swift; path = "UIButton+Extension.swift"; sourceTree = "<group>"; };
		9B9326C825FCA4AE005D06E2 /* UIView+Extension.swift */ = {isa = PBXFileReference; lastKnownFileType = sourcecode.swift; path = "UIView+Extension.swift"; sourceTree = "<group>"; };
		9B9326CC25FCA52E005D06E2 /* UILabel+Extension.swift */ = {isa = PBXFileReference; lastKnownFileType = sourcecode.swift; path = "UILabel+Extension.swift"; sourceTree = "<group>"; };
		9B9326D025FCA5D8005D06E2 /* ImageFileManager.swift */ = {isa = PBXFileReference; lastKnownFileType = sourcecode.swift; path = ImageFileManager.swift; sourceTree = "<group>"; };
		9B9326D825FCBF3A005D06E2 /* MainStartVC.swift */ = {isa = PBXFileReference; lastKnownFileType = sourcecode.swift; path = MainStartVC.swift; sourceTree = "<group>"; };
		9B9433F02601E12C005D987A /* Gallery.storyboard */ = {isa = PBXFileReference; lastKnownFileType = file.storyboard; path = Gallery.storyboard; sourceTree = "<group>"; };
		9B9433F42601E148005D987A /* GalleryListVC.swift */ = {isa = PBXFileReference; lastKnownFileType = sourcecode.swift; path = GalleryListVC.swift; sourceTree = "<group>"; };
		9B9433FB2601EE49005D987A /* GalleryListCell.swift */ = {isa = PBXFileReference; lastKnownFileType = sourcecode.swift; path = GalleryListCell.swift; sourceTree = "<group>"; };
		9B9434032601FDBD005D987A /* UIColor+Extension.swift */ = {isa = PBXFileReference; lastKnownFileType = sourcecode.swift; path = "UIColor+Extension.swift"; sourceTree = "<group>"; };
		9B9AA1992603327B00B03862 /* GalleryDetailVC.swift */ = {isa = PBXFileReference; lastKnownFileType = sourcecode.swift; path = GalleryDetailVC.swift; sourceTree = "<group>"; };
		9B9AA19D2603427F00B03862 /* UITextView+Extension.swift */ = {isa = PBXFileReference; lastKnownFileType = sourcecode.swift; path = "UITextView+Extension.swift"; sourceTree = "<group>"; };
		9BCABC4B26031DA0002B4D29 /* MainStartBlockCell.swift */ = {isa = PBXFileReference; lastKnownFileType = sourcecode.swift; path = MainStartBlockCell.swift; sourceTree = "<group>"; };
		9BD010F2261F606100A30F7C /* UIDate+Extension.swift */ = {isa = PBXFileReference; lastKnownFileType = sourcecode.swift; path = "UIDate+Extension.swift"; sourceTree = "<group>"; };
		9BD010FB26203ACA00A30F7C /* SettingCell.swift */ = {isa = PBXFileReference; lastKnownFileType = sourcecode.swift; path = SettingCell.swift; sourceTree = "<group>"; };
		9BD01103262046F800A30F7C /* Onboarding.storyboard */ = {isa = PBXFileReference; lastKnownFileType = file.storyboard; path = Onboarding.storyboard; sourceTree = "<group>"; };
		9BD011062620485900A30F7C /* OnboardingPageController.swift */ = {isa = PBXFileReference; lastKnownFileType = sourcecode.swift; path = OnboardingPageController.swift; sourceTree = "<group>"; };
		9BD011092620494800A30F7C /* LogoOnboardingVC.swift */ = {isa = PBXFileReference; lastKnownFileType = sourcecode.swift; path = LogoOnboardingVC.swift; sourceTree = "<group>"; };
		9BD0110C26204EBF00A30F7C /* ExplainOnboardingVC.swift */ = {isa = PBXFileReference; lastKnownFileType = sourcecode.swift; path = ExplainOnboardingVC.swift; sourceTree = "<group>"; };
		9BD0110F262050F700A30F7C /* OnboardingGalleryCell.swift */ = {isa = PBXFileReference; lastKnownFileType = sourcecode.swift; path = OnboardingGalleryCell.swift; sourceTree = "<group>"; };
		9BD01114262054F400A30F7C /* BackgroundSettingVC.swift */ = {isa = PBXFileReference; lastKnownFileType = sourcecode.swift; path = BackgroundSettingVC.swift; sourceTree = "<group>"; };
		9BD01118262061D900A30F7C /* BackgroundConfirmVC.swift */ = {isa = PBXFileReference; lastKnownFileType = sourcecode.swift; path = BackgroundConfirmVC.swift; sourceTree = "<group>"; };
		9BD0111E262185B400A30F7C /* UIImage+Extension.swift */ = {isa = PBXFileReference; lastKnownFileType = sourcecode.swift; path = "UIImage+Extension.swift"; sourceTree = "<group>"; };
/* End PBXFileReference section */

/* Begin PBXFrameworksBuildPhase section */
		9B665EF425FC9A65002E4CD2 /* Frameworks */ = {
			isa = PBXFrameworksBuildPhase;
			buildActionMask = 2147483647;
			files = (
				0A0BA8C0C4EC07E4DBB9CB0F /* Pods_nalul.framework in Frameworks */,
			);
			runOnlyForDeploymentPostprocessing = 0;
		};
/* End PBXFrameworksBuildPhase section */

/* Begin PBXGroup section */
		0403939C9DEF040E1351B83C /* Frameworks */ = {
			isa = PBXGroup;
			children = (
				8B2140F1D8F529B93D3848B5 /* Pods_nalul.framework */,
			);
			name = Frameworks;
			sourceTree = "<group>";
		};
		07D506C813CB2F9375C949F9 /* Pods */ = {
			isa = PBXGroup;
			children = (
				996F8EE450F200E3197EECA5 /* Pods-nalul.debug.xcconfig */,
				7FD8A15DB43AF13923ECE465 /* Pods-nalul.release.xcconfig */,
			);
			path = Pods;
			sourceTree = "<group>";
		};
		9B41C0DC260252A400791CE2 /* Setting */ = {
			isa = PBXGroup;
			children = (
				9BD010F926203AAC00A30F7C /* Cell */,
				9B41C0DE260252AC00791CE2 /* Storyboard */,
				9B41C0DD260252A700791CE2 /* ViewController */,
			);
			path = Setting;
			sourceTree = "<group>";
		};
		9B41C0DD260252A700791CE2 /* ViewController */ = {
			isa = PBXGroup;
			children = (
				9B41C0E2260252C600791CE2 /* SettingListVC.swift */,
				9B7228C0262598D800EC2796 /* TeamNarulVC.swift */,
			);
			path = ViewController;
			sourceTree = "<group>";
		};
		9B41C0DE260252AC00791CE2 /* Storyboard */ = {
			isa = PBXGroup;
			children = (
				9B41C0DF260252B600791CE2 /* Setting.storyboard */,
			);
			path = Storyboard;
			sourceTree = "<group>";
		};
		9B665EEE25FC9A65002E4CD2 = {
			isa = PBXGroup;
			children = (
				9B665EF925FC9A65002E4CD2 /* nalul */,
				9B665EF825FC9A65002E4CD2 /* Products */,
				07D506C813CB2F9375C949F9 /* Pods */,
				0403939C9DEF040E1351B83C /* Frameworks */,
			);
			sourceTree = "<group>";
		};
		9B665EF825FC9A65002E4CD2 /* Products */ = {
			isa = PBXGroup;
			children = (
				9B665EF725FC9A65002E4CD2 /* nalul.app */,
			);
			name = Products;
			sourceTree = "<group>";
		};
		9B665EF925FC9A65002E4CD2 /* nalul */ = {
			isa = PBXGroup;
			children = (
				9B665F1625FC9A9C002E4CD2 /* Global */,
				9B665F1725FC9AAA002E4CD2 /* Screen */,
				9B665F1825FC9AAE002E4CD2 /* Support */,
				9B665F0325FC9A67002E4CD2 /* Assets.xcassets */,
				9B665F0825FC9A67002E4CD2 /* Info.plist */,
			);
			path = nalul;
			sourceTree = "<group>";
		};
		9B665F1625FC9A9C002E4CD2 /* Global */ = {
			isa = PBXGroup;
			children = (
				9B665F1925FC9AC6002E4CD2 /* Extension */,
				9B665F1B25FC9AD4002E4CD2 /* Service */,
				9B665F1A25FC9ACB002E4CD2 /* Model */,
			);
			path = Global;
			sourceTree = "<group>";
		};
		9B665F1725FC9AAA002E4CD2 /* Screen */ = {
			isa = PBXGroup;
			children = (
				9B7228DF2628137B00EC2796 /* Splash */,
				9BD01100262046D100A30F7C /* Onboarding */,
				9B41C0DC260252A400791CE2 /* Setting */,
				9B7E3A02260F36930086535C /* PopUp */,
				9B9326D425FCAEF4005D06E2 /* Main */,
				9B9433EE2601E117005D987A /* Gallery */,
			);
			path = Screen;
			sourceTree = "<group>";
		};
		9B665F1825FC9AAE002E4CD2 /* Support */ = {
			isa = PBXGroup;
			children = (
				9B665F1D25FC9AF3002E4CD2 /* Font */,
				9B665F1C25FC9AE6002E4CD2 /* Delegate */,
			);
			path = Support;
			sourceTree = "<group>";
		};
		9B665F1925FC9AC6002E4CD2 /* Extension */ = {
			isa = PBXGroup;
			children = (
				9B9326C225FCA33D005D06E2 /* UIFont+Extension.swift */,
				9B9326C525FCA46A005D06E2 /* UIButton+Extension.swift */,
				9B9326C825FCA4AE005D06E2 /* UIView+Extension.swift */,
				9B9326CC25FCA52E005D06E2 /* UILabel+Extension.swift */,
				9B9326D025FCA5D8005D06E2 /* ImageFileManager.swift */,
				9B9434032601FDBD005D987A /* UIColor+Extension.swift */,
				9B9AA19D2603427F00B03862 /* UITextView+Extension.swift */,
				9B071B57260C941000CCECF4 /* UIScreen+Extension.swift */,
				9BD010F2261F606100A30F7C /* UIDate+Extension.swift */,
				9BD0111E262185B400A30F7C /* UIImage+Extension.swift */,
				9B7228FA262B474100EC2796 /* UIImageView+Extension.swift */,
			);
			path = Extension;
			sourceTree = "<group>";
		};
		9B665F1A25FC9ACB002E4CD2 /* Model */ = {
			isa = PBXGroup;
			children = (
				9B7228D82626DAE500EC2796 /* GenericResponse.swift */,
				9B7228DB2626DB0700EC2796 /* SimpleData.swift */,
				9B7228EA2628141700EC2796 /* LoginData.swift */,
				9B7228F326282CBD00EC2796 /* QuestionData.swift */,
				9B7228F7262B446400EC2796 /* FeedData.swift */,
			);
			path = Model;
			sourceTree = "<group>";
		};
		9B665F1B25FC9AD4002E4CD2 /* Service */ = {
			isa = PBXGroup;
			children = (
				9B7228CF2626D15D00EC2796 /* NetworkResult.swift */,
				9B7228D22626D17700EC2796 /* APIService.swift */,
				9B7228D52626D1A600EC2796 /* APITarget.swift */,
			);
			path = Service;
			sourceTree = "<group>";
		};
		9B665F1C25FC9AE6002E4CD2 /* Delegate */ = {
			isa = PBXGroup;
			children = (
				9B665EFE25FC9A65002E4CD2 /* ViewController.swift */,
				9B665EFA25FC9A65002E4CD2 /* AppDelegate.swift */,
				9B665F0525FC9A67002E4CD2 /* LaunchScreen.storyboard */,
			);
			path = Delegate;
			sourceTree = "<group>";
		};
		9B665F1D25FC9AF3002E4CD2 /* Font */ = {
			isa = PBXGroup;
			children = (
				9B665F2325FC9D67002E4CD2 /* 나눔손글씨 딸에게 엄마가.ttf */,
				9B665F2225FC9D67002E4CD2 /* SCDream1.otf */,
				9B665F1F25FC9D67002E4CD2 /* SCDream2.otf */,
				9B665F2425FC9D67002E4CD2 /* SCDream3.otf */,
				9B665F2625FC9D67002E4CD2 /* SCDream4.otf */,
				9B665F2825FC9D67002E4CD2 /* SCDream5.otf */,
				9B665F2025FC9D67002E4CD2 /* SCDream6.otf */,
				9B665F2525FC9D67002E4CD2 /* SCDream7.otf */,
				9B665F2725FC9D67002E4CD2 /* SCDream8.otf */,
				9B665F2125FC9D67002E4CD2 /* SCDream9.otf */,
			);
			path = Font;
			sourceTree = "<group>";
		};
		9B7228DF2628137B00EC2796 /* Splash */ = {
			isa = PBXGroup;
			children = (
				9B7228E32628138A00EC2796 /* VC */,
				9B7228E12628138200EC2796 /* Storyboard */,
			);
			path = Splash;
			sourceTree = "<group>";
		};
		9B7228E12628138200EC2796 /* Storyboard */ = {
			isa = PBXGroup;
			children = (
				9B7228E42628139900EC2796 /* Splash.storyboard */,
			);
			path = Storyboard;
			sourceTree = "<group>";
		};
		9B7228E32628138A00EC2796 /* VC */ = {
			isa = PBXGroup;
			children = (
				9B7228E7262813AA00EC2796 /* SplashVC.swift */,
			);
			path = VC;
			sourceTree = "<group>";
		};
		9B7E3A02260F36930086535C /* PopUp */ = {
			isa = PBXGroup;
			children = (
				9B7E3A04260F369D0086535C /* Storyboard */,
				9B7E3A03260F36970086535C /* ViewController */,
			);
			path = PopUp;
			sourceTree = "<group>";
		};
		9B7E3A03260F36970086535C /* ViewController */ = {
			isa = PBXGroup;
			children = (
				9B7E3A09260F36B40086535C /* PopUpVC.swift */,
			);
			path = ViewController;
			sourceTree = "<group>";
		};
		9B7E3A04260F369D0086535C /* Storyboard */ = {
			isa = PBXGroup;
			children = (
				9B7E3A05260F36A80086535C /* PopUp.storyboard */,
			);
			path = Storyboard;
			sourceTree = "<group>";
		};
		9B9326D425FCAEF4005D06E2 /* Main */ = {
			isa = PBXGroup;
			children = (
				9BCABC4A26031D8A002B4D29 /* Cell */,
				9B9326D725FCBF2A005D06E2 /* ViewController */,
				9B9326D525FCAF08005D06E2 /* Storyboard */,
			);
			path = Main;
			sourceTree = "<group>";
		};
		9B9326D525FCAF08005D06E2 /* Storyboard */ = {
			isa = PBXGroup;
			children = (
				9B665F0025FC9A65002E4CD2 /* Main.storyboard */,
			);
			path = Storyboard;
			sourceTree = "<group>";
		};
		9B9326D725FCBF2A005D06E2 /* ViewController */ = {
			isa = PBXGroup;
			children = (
				9B9326D825FCBF3A005D06E2 /* MainStartVC.swift */,
				9B8AD92B260B45650082D9D3 /* MainVC.swift */,
				9B7228BA26247A0900EC2796 /* MainNavigationVC.swift */,
			);
			path = ViewController;
			sourceTree = "<group>";
		};
		9B9433EE2601E117005D987A /* Gallery */ = {
			isa = PBXGroup;
			children = (
				9B9433FA2601EE37005D987A /* Cell */,
				9B9433F32601E134005D987A /* ViewController */,
				9B9433EF2601E11C005D987A /* Storyboard */,
			);
			path = Gallery;
			sourceTree = "<group>";
		};
		9B9433EF2601E11C005D987A /* Storyboard */ = {
			isa = PBXGroup;
			children = (
				9B9433F02601E12C005D987A /* Gallery.storyboard */,
			);
			path = Storyboard;
			sourceTree = "<group>";
		};
		9B9433F32601E134005D987A /* ViewController */ = {
			isa = PBXGroup;
			children = (
				9B9433F42601E148005D987A /* GalleryListVC.swift */,
				9B9AA1992603327B00B03862 /* GalleryDetailVC.swift */,
				9B23A23C2616F5C0002BF809 /* PhotoInsertVC.swift */,
			);
			path = ViewController;
			sourceTree = "<group>";
		};
		9B9433FA2601EE37005D987A /* Cell */ = {
			isa = PBXGroup;
			children = (
				9B9433FB2601EE49005D987A /* GalleryListCell.swift */,
			);
			path = Cell;
			sourceTree = "<group>";
		};
		9BCABC4A26031D8A002B4D29 /* Cell */ = {
			isa = PBXGroup;
			children = (
				9BCABC4B26031DA0002B4D29 /* MainStartBlockCell.swift */,
				9B071B53260C8F6100CCECF4 /* MainAlbumCell.swift */,
			);
			path = Cell;
			sourceTree = "<group>";
		};
		9BD010F926203AAC00A30F7C /* Cell */ = {
			isa = PBXGroup;
			children = (
				9BD010FB26203ACA00A30F7C /* SettingCell.swift */,
				9B7228C32625F02E00EC2796 /* TeamNarulCell.swift */,
			);
			path = Cell;
			sourceTree = "<group>";
		};
		9BD01100262046D100A30F7C /* Onboarding */ = {
			isa = PBXGroup;
			children = (
				9BD011122620510E00A30F7C /* Cell */,
				9BD01102262046DB00A30F7C /* ViewController */,
				9BD01101262046D700A30F7C /* Storyboard */,
			);
			path = Onboarding;
			sourceTree = "<group>";
		};
		9BD01101262046D700A30F7C /* Storyboard */ = {
			isa = PBXGroup;
			children = (
				9BD01103262046F800A30F7C /* Onboarding.storyboard */,
			);
			path = Storyboard;
			sourceTree = "<group>";
		};
		9BD01102262046DB00A30F7C /* ViewController */ = {
			isa = PBXGroup;
			children = (
				9BD011062620485900A30F7C /* OnboardingPageController.swift */,
				9BD011092620494800A30F7C /* LogoOnboardingVC.swift */,
				9BD0110C26204EBF00A30F7C /* ExplainOnboardingVC.swift */,
				9BD01114262054F400A30F7C /* BackgroundSettingVC.swift */,
				9BD01118262061D900A30F7C /* BackgroundConfirmVC.swift */,
			);
			path = ViewController;
			sourceTree = "<group>";
		};
		9BD011122620510E00A30F7C /* Cell */ = {
			isa = PBXGroup;
			children = (
				9BD0110F262050F700A30F7C /* OnboardingGalleryCell.swift */,
			);
			path = Cell;
			sourceTree = "<group>";
		};
/* End PBXGroup section */

/* Begin PBXNativeTarget section */
		9B665EF625FC9A65002E4CD2 /* nalul */ = {
			isa = PBXNativeTarget;
			buildConfigurationList = 9B665F0B25FC9A67002E4CD2 /* Build configuration list for PBXNativeTarget "nalul" */;
			buildPhases = (
				118312EA325FECB7F6E7BCA2 /* [CP] Check Pods Manifest.lock */,
				9B665EF325FC9A65002E4CD2 /* Sources */,
				9B665EF425FC9A65002E4CD2 /* Frameworks */,
				9B665EF525FC9A65002E4CD2 /* Resources */,
				05F1A29713908E06325093BA /* [CP] Embed Pods Frameworks */,
			);
			buildRules = (
			);
			dependencies = (
			);
			name = nalul;
			productName = nalul;
			productReference = 9B665EF725FC9A65002E4CD2 /* nalul.app */;
			productType = "com.apple.product-type.application";
		};
/* End PBXNativeTarget section */

/* Begin PBXProject section */
		9B665EEF25FC9A65002E4CD2 /* Project object */ = {
			isa = PBXProject;
			attributes = {
				LastSwiftUpdateCheck = 1220;
				LastUpgradeCheck = 1220;
				TargetAttributes = {
					9B665EF625FC9A65002E4CD2 = {
						CreatedOnToolsVersion = 12.2;
					};
				};
			};
			buildConfigurationList = 9B665EF225FC9A65002E4CD2 /* Build configuration list for PBXProject "nalul" */;
			compatibilityVersion = "Xcode 9.3";
			developmentRegion = en;
			hasScannedForEncodings = 0;
			knownRegions = (
				en,
				Base,
			);
			mainGroup = 9B665EEE25FC9A65002E4CD2;
			productRefGroup = 9B665EF825FC9A65002E4CD2 /* Products */;
			projectDirPath = "";
			projectRoot = "";
			targets = (
				9B665EF625FC9A65002E4CD2 /* nalul */,
			);
		};
/* End PBXProject section */

/* Begin PBXResourcesBuildPhase section */
		9B665EF525FC9A65002E4CD2 /* Resources */ = {
			isa = PBXResourcesBuildPhase;
			buildActionMask = 2147483647;
			files = (
				9B665F2A25FC9D67002E4CD2 /* SCDream6.otf in Resources */,
				9B665F2C25FC9D67002E4CD2 /* SCDream1.otf in Resources */,
				9B665F2925FC9D67002E4CD2 /* SCDream2.otf in Resources */,
				9B665F2E25FC9D67002E4CD2 /* SCDream3.otf in Resources */,
				9B665F0725FC9A67002E4CD2 /* LaunchScreen.storyboard in Resources */,
				9B7228E52628139900EC2796 /* Splash.storyboard in Resources */,
				9B7E3A06260F36A80086535C /* PopUp.storyboard in Resources */,
				9B665F2F25FC9D67002E4CD2 /* SCDream7.otf in Resources */,
				9B665F3225FC9D67002E4CD2 /* SCDream5.otf in Resources */,
				9B9433F12601E12C005D987A /* Gallery.storyboard in Resources */,
				9B665F3125FC9D67002E4CD2 /* SCDream8.otf in Resources */,
				9BD01104262046F800A30F7C /* Onboarding.storyboard in Resources */,
				9B665F2B25FC9D67002E4CD2 /* SCDream9.otf in Resources */,
				9B41C0E0260252B600791CE2 /* Setting.storyboard in Resources */,
				9B665F2D25FC9D67002E4CD2 /* 나눔손글씨 딸에게 엄마가.ttf in Resources */,
				9B665F0425FC9A67002E4CD2 /* Assets.xcassets in Resources */,
				9B665F3025FC9D67002E4CD2 /* SCDream4.otf in Resources */,
				9B665F0225FC9A65002E4CD2 /* Main.storyboard in Resources */,
			);
			runOnlyForDeploymentPostprocessing = 0;
		};
/* End PBXResourcesBuildPhase section */

/* Begin PBXShellScriptBuildPhase section */
		05F1A29713908E06325093BA /* [CP] Embed Pods Frameworks */ = {
			isa = PBXShellScriptBuildPhase;
			buildActionMask = 2147483647;
			files = (
			);
			inputFileListPaths = (
				"${PODS_ROOT}/Target Support Files/Pods-nalul/Pods-nalul-frameworks-${CONFIGURATION}-input-files.xcfilelist",
			);
			name = "[CP] Embed Pods Frameworks";
			outputFileListPaths = (
				"${PODS_ROOT}/Target Support Files/Pods-nalul/Pods-nalul-frameworks-${CONFIGURATION}-output-files.xcfilelist",
			);
			runOnlyForDeploymentPostprocessing = 0;
			shellPath = /bin/sh;
			shellScript = "\"${PODS_ROOT}/Target Support Files/Pods-nalul/Pods-nalul-frameworks.sh\"\n";
			showEnvVarsInLog = 0;
		};
		118312EA325FECB7F6E7BCA2 /* [CP] Check Pods Manifest.lock */ = {
			isa = PBXShellScriptBuildPhase;
			buildActionMask = 2147483647;
			files = (
			);
			inputFileListPaths = (
			);
			inputPaths = (
				"${PODS_PODFILE_DIR_PATH}/Podfile.lock",
				"${PODS_ROOT}/Manifest.lock",
			);
			name = "[CP] Check Pods Manifest.lock";
			outputFileListPaths = (
			);
			outputPaths = (
				"$(DERIVED_FILE_DIR)/Pods-nalul-checkManifestLockResult.txt",
			);
			runOnlyForDeploymentPostprocessing = 0;
			shellPath = /bin/sh;
			shellScript = "diff \"${PODS_PODFILE_DIR_PATH}/Podfile.lock\" \"${PODS_ROOT}/Manifest.lock\" > /dev/null\nif [ $? != 0 ] ; then\n    # print error to STDERR\n    echo \"error: The sandbox is not in sync with the Podfile.lock. Run 'pod install' or update your CocoaPods installation.\" >&2\n    exit 1\nfi\n# This output is used by Xcode 'outputs' to avoid re-running this script phase.\necho \"SUCCESS\" > \"${SCRIPT_OUTPUT_FILE_0}\"\n";
			showEnvVarsInLog = 0;
		};
/* End PBXShellScriptBuildPhase section */

/* Begin PBXSourcesBuildPhase section */
		9B665EF325FC9A65002E4CD2 /* Sources */ = {
			isa = PBXSourcesBuildPhase;
			buildActionMask = 2147483647;
			files = (
				9B7228F8262B446400EC2796 /* FeedData.swift in Sources */,
				9B7228D92626DAE500EC2796 /* GenericResponse.swift in Sources */,
				9B7228D32626D17700EC2796 /* APIService.swift in Sources */,
				9B9326D925FCBF3A005D06E2 /* MainStartVC.swift in Sources */,
				9B9326C925FCA4AE005D06E2 /* UIView+Extension.swift in Sources */,
				9B9433FC2601EE49005D987A /* GalleryListCell.swift in Sources */,
				9BD01115262054F400A30F7C /* BackgroundSettingVC.swift in Sources */,
				9B665EFF25FC9A65002E4CD2 /* ViewController.swift in Sources */,
				9B7228F426282CBD00EC2796 /* QuestionData.swift in Sources */,
				9B7228E8262813AA00EC2796 /* SplashVC.swift in Sources */,
				9B7228EB2628141700EC2796 /* LoginData.swift in Sources */,
				9B071B54260C8F6100CCECF4 /* MainAlbumCell.swift in Sources */,
				9BD011072620485900A30F7C /* OnboardingPageController.swift in Sources */,
				9B9434042601FDBD005D987A /* UIColor+Extension.swift in Sources */,
				9BD0110D26204EBF00A30F7C /* ExplainOnboardingVC.swift in Sources */,
				9B7228DC2626DB0700EC2796 /* SimpleData.swift in Sources */,
				9B7228C1262598D800EC2796 /* TeamNarulVC.swift in Sources */,
				9B23A23D2616F5C0002BF809 /* PhotoInsertVC.swift in Sources */,
				9BD010F3261F606100A30F7C /* UIDate+Extension.swift in Sources */,
				9B7228D62626D1A600EC2796 /* APITarget.swift in Sources */,
				9B665EFB25FC9A65002E4CD2 /* AppDelegate.swift in Sources */,
				9B9326CD25FCA52E005D06E2 /* UILabel+Extension.swift in Sources */,
				9BD0110A2620494800A30F7C /* LogoOnboardingVC.swift in Sources */,
				9B41C0E3260252C600791CE2 /* SettingListVC.swift in Sources */,
				9B7E3A0A260F36B50086535C /* PopUpVC.swift in Sources */,
				9B8AD92C260B45650082D9D3 /* MainVC.swift in Sources */,
				9BD010FC26203ACA00A30F7C /* SettingCell.swift in Sources */,
				9B071B58260C941000CCECF4 /* UIScreen+Extension.swift in Sources */,
				9BCABC4C26031DA0002B4D29 /* MainStartBlockCell.swift in Sources */,
				9B9AA19E2603427F00B03862 /* UITextView+Extension.swift in Sources */,
				9B7228FB262B474100EC2796 /* UIImageView+Extension.swift in Sources */,
				9B9326C325FCA33D005D06E2 /* UIFont+Extension.swift in Sources */,
				9B7228C42625F02E00EC2796 /* TeamNarulCell.swift in Sources */,
				9B7228D02626D15D00EC2796 /* NetworkResult.swift in Sources */,
				9BD01119262061D900A30F7C /* BackgroundConfirmVC.swift in Sources */,
				9B9326C625FCA46A005D06E2 /* UIButton+Extension.swift in Sources */,
				9BD01110262050F700A30F7C /* OnboardingGalleryCell.swift in Sources */,
				9B9433F52601E148005D987A /* GalleryListVC.swift in Sources */,
				9BD0111F262185B400A30F7C /* UIImage+Extension.swift in Sources */,
				9B7228BB26247A0900EC2796 /* MainNavigationVC.swift in Sources */,
				9B9AA19A2603327B00B03862 /* GalleryDetailVC.swift in Sources */,
				9B9326D125FCA5D8005D06E2 /* ImageFileManager.swift in Sources */,
			);
			runOnlyForDeploymentPostprocessing = 0;
		};
/* End PBXSourcesBuildPhase section */

/* Begin PBXVariantGroup section */
		9B665F0025FC9A65002E4CD2 /* Main.storyboard */ = {
			isa = PBXVariantGroup;
			children = (
				9B665F0125FC9A65002E4CD2 /* Base */,
			);
			name = Main.storyboard;
			sourceTree = "<group>";
		};
		9B665F0525FC9A67002E4CD2 /* LaunchScreen.storyboard */ = {
			isa = PBXVariantGroup;
			children = (
				9B665F0625FC9A67002E4CD2 /* Base */,
			);
			name = LaunchScreen.storyboard;
			sourceTree = "<group>";
		};
/* End PBXVariantGroup section */

/* Begin XCBuildConfiguration section */
		9B665F0925FC9A67002E4CD2 /* Debug */ = {
			isa = XCBuildConfiguration;
			buildSettings = {
				ALWAYS_SEARCH_USER_PATHS = NO;
				CLANG_ANALYZER_NONNULL = YES;
				CLANG_ANALYZER_NUMBER_OBJECT_CONVERSION = YES_AGGRESSIVE;
				CLANG_CXX_LANGUAGE_STANDARD = "gnu++14";
				CLANG_CXX_LIBRARY = "libc++";
				CLANG_ENABLE_MODULES = YES;
				CLANG_ENABLE_OBJC_ARC = YES;
				CLANG_ENABLE_OBJC_WEAK = YES;
				CLANG_WARN_BLOCK_CAPTURE_AUTORELEASING = YES;
				CLANG_WARN_BOOL_CONVERSION = YES;
				CLANG_WARN_COMMA = YES;
				CLANG_WARN_CONSTANT_CONVERSION = YES;
				CLANG_WARN_DEPRECATED_OBJC_IMPLEMENTATIONS = YES;
				CLANG_WARN_DIRECT_OBJC_ISA_USAGE = YES_ERROR;
				CLANG_WARN_DOCUMENTATION_COMMENTS = YES;
				CLANG_WARN_EMPTY_BODY = YES;
				CLANG_WARN_ENUM_CONVERSION = YES;
				CLANG_WARN_INFINITE_RECURSION = YES;
				CLANG_WARN_INT_CONVERSION = YES;
				CLANG_WARN_NON_LITERAL_NULL_CONVERSION = YES;
				CLANG_WARN_OBJC_IMPLICIT_RETAIN_SELF = YES;
				CLANG_WARN_OBJC_LITERAL_CONVERSION = YES;
				CLANG_WARN_OBJC_ROOT_CLASS = YES_ERROR;
				CLANG_WARN_QUOTED_INCLUDE_IN_FRAMEWORK_HEADER = YES;
				CLANG_WARN_RANGE_LOOP_ANALYSIS = YES;
				CLANG_WARN_STRICT_PROTOTYPES = YES;
				CLANG_WARN_SUSPICIOUS_MOVE = YES;
				CLANG_WARN_UNGUARDED_AVAILABILITY = YES_AGGRESSIVE;
				CLANG_WARN_UNREACHABLE_CODE = YES;
				CLANG_WARN__DUPLICATE_METHOD_MATCH = YES;
				COPY_PHASE_STRIP = NO;
				DEBUG_INFORMATION_FORMAT = dwarf;
				ENABLE_STRICT_OBJC_MSGSEND = YES;
				ENABLE_TESTABILITY = YES;
				GCC_C_LANGUAGE_STANDARD = gnu11;
				GCC_DYNAMIC_NO_PIC = NO;
				GCC_NO_COMMON_BLOCKS = YES;
				GCC_OPTIMIZATION_LEVEL = 0;
				GCC_PREPROCESSOR_DEFINITIONS = (
					"DEBUG=1",
					"$(inherited)",
				);
				GCC_WARN_64_TO_32_BIT_CONVERSION = YES;
				GCC_WARN_ABOUT_RETURN_TYPE = YES_ERROR;
				GCC_WARN_UNDECLARED_SELECTOR = YES;
				GCC_WARN_UNINITIALIZED_AUTOS = YES_AGGRESSIVE;
				GCC_WARN_UNUSED_FUNCTION = YES;
				GCC_WARN_UNUSED_VARIABLE = YES;
				IPHONEOS_DEPLOYMENT_TARGET = 14.2;
				MTL_ENABLE_DEBUG_INFO = INCLUDE_SOURCE;
				MTL_FAST_MATH = YES;
				ONLY_ACTIVE_ARCH = YES;
				SDKROOT = iphoneos;
				SWIFT_ACTIVE_COMPILATION_CONDITIONS = DEBUG;
				SWIFT_OPTIMIZATION_LEVEL = "-Onone";
			};
			name = Debug;
		};
		9B665F0A25FC9A67002E4CD2 /* Release */ = {
			isa = XCBuildConfiguration;
			buildSettings = {
				ALWAYS_SEARCH_USER_PATHS = NO;
				CLANG_ANALYZER_NONNULL = YES;
				CLANG_ANALYZER_NUMBER_OBJECT_CONVERSION = YES_AGGRESSIVE;
				CLANG_CXX_LANGUAGE_STANDARD = "gnu++14";
				CLANG_CXX_LIBRARY = "libc++";
				CLANG_ENABLE_MODULES = YES;
				CLANG_ENABLE_OBJC_ARC = YES;
				CLANG_ENABLE_OBJC_WEAK = YES;
				CLANG_WARN_BLOCK_CAPTURE_AUTORELEASING = YES;
				CLANG_WARN_BOOL_CONVERSION = YES;
				CLANG_WARN_COMMA = YES;
				CLANG_WARN_CONSTANT_CONVERSION = YES;
				CLANG_WARN_DEPRECATED_OBJC_IMPLEMENTATIONS = YES;
				CLANG_WARN_DIRECT_OBJC_ISA_USAGE = YES_ERROR;
				CLANG_WARN_DOCUMENTATION_COMMENTS = YES;
				CLANG_WARN_EMPTY_BODY = YES;
				CLANG_WARN_ENUM_CONVERSION = YES;
				CLANG_WARN_INFINITE_RECURSION = YES;
				CLANG_WARN_INT_CONVERSION = YES;
				CLANG_WARN_NON_LITERAL_NULL_CONVERSION = YES;
				CLANG_WARN_OBJC_IMPLICIT_RETAIN_SELF = YES;
				CLANG_WARN_OBJC_LITERAL_CONVERSION = YES;
				CLANG_WARN_OBJC_ROOT_CLASS = YES_ERROR;
				CLANG_WARN_QUOTED_INCLUDE_IN_FRAMEWORK_HEADER = YES;
				CLANG_WARN_RANGE_LOOP_ANALYSIS = YES;
				CLANG_WARN_STRICT_PROTOTYPES = YES;
				CLANG_WARN_SUSPICIOUS_MOVE = YES;
				CLANG_WARN_UNGUARDED_AVAILABILITY = YES_AGGRESSIVE;
				CLANG_WARN_UNREACHABLE_CODE = YES;
				CLANG_WARN__DUPLICATE_METHOD_MATCH = YES;
				COPY_PHASE_STRIP = NO;
				DEBUG_INFORMATION_FORMAT = "dwarf-with-dsym";
				ENABLE_NS_ASSERTIONS = NO;
				ENABLE_STRICT_OBJC_MSGSEND = YES;
				GCC_C_LANGUAGE_STANDARD = gnu11;
				GCC_NO_COMMON_BLOCKS = YES;
				GCC_WARN_64_TO_32_BIT_CONVERSION = YES;
				GCC_WARN_ABOUT_RETURN_TYPE = YES_ERROR;
				GCC_WARN_UNDECLARED_SELECTOR = YES;
				GCC_WARN_UNINITIALIZED_AUTOS = YES_AGGRESSIVE;
				GCC_WARN_UNUSED_FUNCTION = YES;
				GCC_WARN_UNUSED_VARIABLE = YES;
				IPHONEOS_DEPLOYMENT_TARGET = 14.2;
				MTL_ENABLE_DEBUG_INFO = NO;
				MTL_FAST_MATH = YES;
				SDKROOT = iphoneos;
				SWIFT_COMPILATION_MODE = wholemodule;
				SWIFT_OPTIMIZATION_LEVEL = "-O";
				VALIDATE_PRODUCT = YES;
			};
			name = Release;
		};
		9B665F0C25FC9A67002E4CD2 /* Debug */ = {
			isa = XCBuildConfiguration;
			baseConfigurationReference = 996F8EE450F200E3197EECA5 /* Pods-nalul.debug.xcconfig */;
			buildSettings = {
				ASSETCATALOG_COMPILER_APPICON_NAME = AppIcon;
				ASSETCATALOG_COMPILER_GLOBAL_ACCENT_COLOR_NAME = AccentColor;
				CODE_SIGN_STYLE = Automatic;
				DEVELOPMENT_TEAM = DUQE66MABG;
				INFOPLIST_FILE = nalul/Info.plist;
				IPHONEOS_DEPLOYMENT_TARGET = 13.0;
				LD_RUNPATH_SEARCH_PATHS = (
					"$(inherited)",
					"@executable_path/Frameworks",
				);
				PRODUCT_BUNDLE_IDENTIFIER = soptkathon.release.nalul;
				PRODUCT_NAME = "$(TARGET_NAME)";
				SWIFT_VERSION = 5.0;
				TARGETED_DEVICE_FAMILY = "1,2";
			};
			name = Debug;
		};
		9B665F0D25FC9A67002E4CD2 /* Release */ = {
			isa = XCBuildConfiguration;
			baseConfigurationReference = 7FD8A15DB43AF13923ECE465 /* Pods-nalul.release.xcconfig */;
			buildSettings = {
				ASSETCATALOG_COMPILER_APPICON_NAME = AppIcon;
				ASSETCATALOG_COMPILER_GLOBAL_ACCENT_COLOR_NAME = AccentColor;
				CODE_SIGN_STYLE = Automatic;
				DEVELOPMENT_TEAM = DUQE66MABG;
				INFOPLIST_FILE = nalul/Info.plist;
				IPHONEOS_DEPLOYMENT_TARGET = 13.0;
				LD_RUNPATH_SEARCH_PATHS = (
					"$(inherited)",
					"@executable_path/Frameworks",
				);
				PRODUCT_BUNDLE_IDENTIFIER = soptkathon.release.nalul;
				PRODUCT_NAME = "$(TARGET_NAME)";
				SWIFT_VERSION = 5.0;
				TARGETED_DEVICE_FAMILY = "1,2";
			};
			name = Release;
		};
/* End XCBuildConfiguration section */

/* Begin XCConfigurationList section */
		9B665EF225FC9A65002E4CD2 /* Build configuration list for PBXProject "nalul" */ = {
			isa = XCConfigurationList;
			buildConfigurations = (
				9B665F0925FC9A67002E4CD2 /* Debug */,
				9B665F0A25FC9A67002E4CD2 /* Release */,
			);
			defaultConfigurationIsVisible = 0;
			defaultConfigurationName = Release;
		};
		9B665F0B25FC9A67002E4CD2 /* Build configuration list for PBXNativeTarget "nalul" */ = {
			isa = XCConfigurationList;
			buildConfigurations = (
				9B665F0C25FC9A67002E4CD2 /* Debug */,
				9B665F0D25FC9A67002E4CD2 /* Release */,
			);
			defaultConfigurationIsVisible = 0;
			defaultConfigurationName = Release;
		};
/* End XCConfigurationList section */
	};
	rootObject = 9B665EEF25FC9A65002E4CD2 /* Project object */;
}
